# This file is automatically @generated by Cargo.
# It is not intended for manual editing.
version = 4

[[package]]
name = "hal"
version = "1.0.0"
source = "registry+https://github.com/rust-lang/crates.io-index"
dependencies = [
 "pac 0.1.0",
]

[[package]]
name = "multiple-pac"
version = "0.1.0"
dependencies = [
 "hal",
 "pac 0.2.0",
]

[[package]]
name = "pac"
version = "0.1.0"
source = "registry+https://github.com/rust-lang/crates.io-index"

[[package]]
name = "pac"
version = "0.2.0"
source = "registry+https://github.com/rust-lang/crates.io-index"
