# This file is automatically @generated by Cargo.
# It is not intended for manual editing.
version = 4

[[package]]
name = "hal"
version = "1.3.0"
source = "registry+https://github.com/rust-lang/crates.io-index"
dependencies = [
 "hal 2.0.0",
 "pac",
]

[[package]]
name = "hal"
version = "2.0.0"
source = "registry+https://github.com/rust-lang/crates.io-index"
dependencies = [
 "pac",
]

[[package]]
name = "hal-lib"
version = "0.1.0"
source = "registry+https://github.com/rust-lang/crates.io-index"
dependencies = [
 "hal 1.3.0",
]

[[package]]
name = "multiple-hal-sermver-trick"
version = "0.1.0"
dependencies = [
 "hal 2.0.0",
 "hal-lib",
]

[[package]]
name = "pac"
version = "0.2.0"
source = "registry+https://github.com/rust-lang/crates.io-index"
